# THIS IS AN AUTOGENERATED FILE. DO NOT EDIT THIS FILE DIRECTLY.
# yarn lockfile v1


"@adraffy/ens-normalize@1.10.0":
  version "1.10.0"
  resolved "https://registry.yarnpkg.com/@adraffy/ens-normalize/-/ens-normalize-1.10.0.tgz#d2a39395c587e092d77cbbc80acf956a54f38bf7"
  integrity sha512-nA9XHtlAkYfJxY7bce8DcN7eKxWWCWkU+1GR9d+U6MbNpfwQp8TI7vqOsBsMcHoT4mBu2kypKoSKnghEzOOq5Q==

"@inquirer/checkbox@^2.1.2":
  version "2.1.2"
  resolved "https://registry.yarnpkg.com/@inquirer/checkbox/-/checkbox-2.1.2.tgz#e36d1cd7848e57d914e9be1faf78340eb57ba3c0"
  integrity sha512-B+9eJgBmRIcXukOt/z3I1nf/DcCjilT4CSUHhWou2qmXsNZYQinHwpAoaLJehG8236n2n8waA/A8J6LyNPYNFQ==
  dependencies:
    "@inquirer/core" "^7.0.2"
    "@inquirer/type" "^1.2.0"
    ansi-escapes "^4.3.2"
    chalk "^4.1.2"
    figures "^3.2.0"

"@inquirer/confirm@^3.0.2":
  version "3.0.2"
  resolved "https://registry.yarnpkg.com/@inquirer/confirm/-/confirm-3.0.2.tgz#78257f5321d5077c955cfa9ba808ffffc58b247c"
  integrity sha512-eEhoJXten380e2t2yahRRMz1LqB4gKknl5//38k1KvKXhBcV+lFfkIPmr6nFivpIwtOwkaRjGcHz67wBmi3h6Q==
  dependencies:
    "@inquirer/core" "^7.0.2"
    "@inquirer/type" "^1.2.0"

"@inquirer/core@^7.0.2":
  version "7.0.2"
  resolved "https://registry.yarnpkg.com/@inquirer/core/-/core-7.0.2.tgz#8924f167afaa318a3a54e19e08c5812f09312830"
  integrity sha512-yya2GLO8lIi+yGytrOQ6unbrRGi8JiC+lWtlIsCUsDgMcCdO75vOuqGIUKXvfBkeZLOzs4WcSioXvpBzo0B0+Q==
  dependencies:
    "@inquirer/type" "^1.2.0"
    "@types/mute-stream" "^0.0.4"
    "@types/node" "^20.11.25"
    "@types/wrap-ansi" "^3.0.0"
    ansi-escapes "^4.3.2"
    chalk "^4.1.2"
    cli-spinners "^2.9.2"
    cli-width "^4.1.0"
    figures "^3.2.0"
    mute-stream "^1.0.0"
    run-async "^3.0.0"
    signal-exit "^4.1.0"
    strip-ansi "^6.0.1"
    wrap-ansi "^6.2.0"

"@inquirer/editor@^2.0.2":
  version "2.0.2"
  resolved "https://registry.yarnpkg.com/@inquirer/editor/-/editor-2.0.2.tgz#bcd4b864c03b9d5bd7d747225ec616ad5651c27f"
  integrity sha512-kWEb0IP2/AYngZdNLIWDT3Ki/ZacAs7xazo57sRGaxvRLCi2acbV6pj8tELxUA7a0WFM6gSHqnq6XZnBzxELiQ==
  dependencies:
    "@inquirer/core" "^7.0.2"
    "@inquirer/type" "^1.2.0"
    external-editor "^3.1.0"

"@inquirer/expand@^2.0.2":
  version "2.0.2"
  resolved "https://registry.yarnpkg.com/@inquirer/expand/-/expand-2.0.2.tgz#fa8a1f8d48f630364ef249857301f47a6ba56448"
  integrity sha512-we5EdG3mx4qJzkU4wgzd6lPC/zXTGWX0ARHDE81sAeDFWwVMOjPTF1SZtY/Xx4H5x/SDrz8MrLoBt5ayPepBAw==
  dependencies:
    "@inquirer/core" "^7.0.2"
    "@inquirer/type" "^1.2.0"
    chalk "^4.1.2"
    figures "^3.2.0"

"@inquirer/input@^2.0.2":
  version "2.0.2"
  resolved "https://registry.yarnpkg.com/@inquirer/input/-/input-2.0.2.tgz#1ff59215e97e4652aff9baf1ad0479edfa707369"
  integrity sha512-2qCyolURnBo1EArkH/JnOfMGEUdsjVbmKaeHf7Rq1EW4KK+zj4sPAizDFkEC03NoSzPTGLV+4riiAybdx177KQ==
  dependencies:
    "@inquirer/core" "^7.0.2"
    "@inquirer/type" "^1.2.0"

"@inquirer/password@^2.0.2":
  version "2.0.2"
  resolved "https://registry.yarnpkg.com/@inquirer/password/-/password-2.0.2.tgz#bfb7d087be881ec64042b8f02f4017952d6d428d"
  integrity sha512-MZTofBJiZn0AhUbTExGlhu/hgDEF6yYkjDK+0ywu9Cnb+XxTPQte0gR91gbv1s8k7N2E6C0eDp9rV25ZZPZlgA==
  dependencies:
    "@inquirer/core" "^7.0.2"
    "@inquirer/type" "^1.2.0"
    ansi-escapes "^4.3.2"

"@inquirer/prompts@^4.2.1":
  version "4.2.1"
  resolved "https://registry.yarnpkg.com/@inquirer/prompts/-/prompts-4.2.1.tgz#c9ffa6ae81e3e25c592d88d529bb3c8099a51cd6"
  integrity sha512-v3kbnJQ0T03ozFNwW6TjfYsbY/qqJbuQWKNG6vcGLlAJgk3gVwVz4BC10t/VMYRuhgbuQ80sqYHMrThBWq20ww==
  dependencies:
    "@inquirer/checkbox" "^2.1.2"
    "@inquirer/confirm" "^3.0.2"
    "@inquirer/core" "^7.0.2"
    "@inquirer/editor" "^2.0.2"
    "@inquirer/expand" "^2.0.2"
    "@inquirer/input" "^2.0.2"
    "@inquirer/password" "^2.0.2"
    "@inquirer/rawlist" "^2.0.2"
    "@inquirer/select" "^2.1.1"

"@inquirer/rawlist@^2.0.2":
  version "2.0.2"
  resolved "https://registry.yarnpkg.com/@inquirer/rawlist/-/rawlist-2.0.2.tgz#f32a1802d3904d64038d514308acd8b202d7af87"
  integrity sha512-3lKCDrDc6HwbF+2hKXOj4EQxi+v3Vqar33RSC8q9UY27McRDSmo2MH6Xzd2Z8BW1TLseMheYHthgjPedC7+mOw==
  dependencies:
    "@inquirer/core" "^7.0.2"
    "@inquirer/type" "^1.2.0"
    chalk "^4.1.2"

"@inquirer/select@^2.1.1":
  version "2.1.1"
  resolved "https://registry.yarnpkg.com/@inquirer/select/-/select-2.1.1.tgz#1b28fe286a22f2e00214b408cd50aa8955161842"
  integrity sha512-CvUvTGwgaQBUzPVynxxgwUXNhr0zXp44gjqAQ9yvW9RGRH4kMEpcoSId4aLH0ao2HsBzAdE8DlefdojsjGfNNw==
  dependencies:
    "@inquirer/core" "^7.0.2"
    "@inquirer/type" "^1.2.0"
    ansi-escapes "^4.3.2"
    chalk "^4.1.2"
    figures "^3.2.0"

"@inquirer/testing@^2.1.12":
  version "2.1.12"
  resolved "https://registry.yarnpkg.com/@inquirer/testing/-/testing-2.1.12.tgz#98be1cf212f2e19db102571d34b1bafbdeb712dd"
  integrity sha512-I0Hxco2R32DKbSrtzhlZeU5n34E2Jl5yUvAemOGgYJ0ZRdfa6+MJ6yiaOr+dYAy/xs4mcseKenss3QwBuSur8Q==
  dependencies:
    "@inquirer/type" "^1.2.0"
    "@types/mute-stream" "^0.0.4"
    "@types/node" "^20.11.25"
    ansi-escapes "^4.3.2"
    mute-stream "^1.0.0"
    strip-ansi "^6.0.1"

"@inquirer/type@^1.2.0":
  version "1.2.0"
  resolved "https://registry.yarnpkg.com/@inquirer/type/-/type-1.2.0.tgz#a569613628a881c2104289ca868a7def54e5c49d"
  integrity sha512-/vvkUkYhrjbm+RolU7V1aUFDydZVKNKqKHR5TsE+j5DXgXFwrsOPcoGUJ02K0O7q7O53CU2DOTMYCHeGZ25WHA==

"@noble/curves@1.2.0", "@noble/curves@~1.2.0":
  version "1.2.0"
  resolved "https://registry.yarnpkg.com/@noble/curves/-/curves-1.2.0.tgz#92d7e12e4e49b23105a2555c6984d41733d65c35"
  integrity sha512-oYclrNgRaM9SsBUBVbb8M6DTV7ZHRTKugureoYEncY5c65HOmRzvSiTE3y5CYaPYJA/GVkrhXEoF0M3Ya9PMnw==
  dependencies:
    "@noble/hashes" "1.3.2"

"@noble/hashes@1.3.2":
  version "1.3.2"
  resolved "https://registry.yarnpkg.com/@noble/hashes/-/hashes-1.3.2.tgz#6f26dbc8fbc7205873ce3cee2f690eba0d421b39"
  integrity sha512-MVC8EAQp7MvEcm30KWENFjgR+Mkmf+D189XJTkFIlwohU5hcBbn1ZkKq7KVTi2Hme3PMGF390DaL52beVrIihQ==

"@noble/hashes@~1.3.0", "@noble/hashes@~1.3.2":
  version "1.3.3"
  resolved "https://registry.yarnpkg.com/@noble/hashes/-/hashes-1.3.3.tgz#39908da56a4adc270147bb07968bf3b16cfe1699"
  integrity sha512-V7/fPHgl+jsVPXqqeOzT8egNj2iBIVt+ECeMMG8TdcnTikP3oaBtUVqpT/gYCR68aEBJSF+XbYUxStjbFMqIIA==

"@scure/base@~1.1.0", "@scure/base@~1.1.2":
  version "1.1.5"
  resolved "https://registry.yarnpkg.com/@scure/base/-/base-1.1.5.tgz#1d85d17269fe97694b9c592552dd9e5e33552157"
  integrity sha512-Brj9FiG2W1MRQSTB212YVPRrcbjkv48FoZi/u4l/zds/ieRrqsh7aUf6CLwkAq61oKXr/ZlTzlY66gLIj3TFTQ==

"@scure/bip32@1.3.2":
  version "1.3.2"
  resolved "https://registry.yarnpkg.com/@scure/bip32/-/bip32-1.3.2.tgz#90e78c027d5e30f0b22c1f8d50ff12f3fb7559f8"
  integrity sha512-N1ZhksgwD3OBlwTv3R6KFEcPojl/W4ElJOeCZdi+vuI5QmTFwLq3OFf2zd2ROpKvxFdgZ6hUpb0dx9bVNEwYCA==
  dependencies:
    "@noble/curves" "~1.2.0"
    "@noble/hashes" "~1.3.2"
    "@scure/base" "~1.1.2"

"@scure/bip39@1.2.1":
  version "1.2.1"
  resolved "https://registry.yarnpkg.com/@scure/bip39/-/bip39-1.2.1.tgz#5cee8978656b272a917b7871c981e0541ad6ac2a"
  integrity sha512-Z3/Fsz1yr904dduJD0NpiyRHhRYHdcnyh73FZWiV+/qhWi83wNJ3NWolYqCEN+ZWsUz2TWwajJggcRE9r1zUYg==
  dependencies:
    "@noble/hashes" "~1.3.0"
    "@scure/base" "~1.1.0"

"@solidity-parser/parser@^0.17.0":
  version "0.17.0"
  resolved "https://registry.yarnpkg.com/@solidity-parser/parser/-/parser-0.17.0.tgz#52a2fcc97ff609f72011014e4c5b485ec52243ef"
  integrity sha512-Nko8R0/kUo391jsEHHxrGM07QFdnPGvlmox4rmH0kNiNAashItAilhy4Mv4pK5gQmW5f4sXAF58fwJbmlkGcVw==

"@types/mute-stream@^0.0.4":
  version "0.0.4"
  resolved "https://registry.yarnpkg.com/@types/mute-stream/-/mute-stream-0.0.4.tgz#77208e56a08767af6c5e1237be8888e2f255c478"
  integrity sha512-CPM9nzrCPPJHQNA9keH9CVkVI+WR5kMa+7XEs5jcGQ0VoAGnLv242w8lIVgwAEfmE4oufJRaTc9PNLQl0ioAow==
  dependencies:
    "@types/node" "*"

"@types/node@*", "@types/node@^20.11.25":
  version "20.11.25"
  resolved "https://registry.yarnpkg.com/@types/node/-/node-20.11.25.tgz#0f50d62f274e54dd7a49f7704cc16bfbcccaf49f"
  integrity sha512-TBHyJxk2b7HceLVGFcpAUjsa5zIdsPWlR6XHfyGzd0SFu+/NFgQgMAl96MSDZgQDvJAvV6BKsFOrt6zIL09JDw==
  dependencies:
    undici-types "~5.26.4"

"@types/wrap-ansi@^3.0.0":
  version "3.0.0"
  resolved "https://registry.yarnpkg.com/@types/wrap-ansi/-/wrap-ansi-3.0.0.tgz#18b97a972f94f60a679fd5c796d96421b9abb9fd"
  integrity sha512-ltIpx+kM7g/MLRZfkbL7EsCEjfzCcScLpkg37eXEtx5kmrAKBkTJwd1GIAjDSL8wTpM6Hzn5YO4pSb91BEwu1g==

abitype@1.0.0:
  version "1.0.0"
  resolved "https://registry.yarnpkg.com/abitype/-/abitype-1.0.0.tgz#237176dace81d90d018bebf3a45cb42f2a2d9e97"
  integrity sha512-NMeMah//6bJ56H5XRj8QCV4AwuW6hB6zqz2LnhhLdcWVQOsXki6/Pn3APeqxCma62nXIcmZWdu1DlHWS74umVQ==

ansi-escapes@^4.3.2:
  version "4.3.2"
  resolved "https://registry.yarnpkg.com/ansi-escapes/-/ansi-escapes-4.3.2.tgz#6b2291d1db7d98b6521d5f1efa42d0f3a9feb65e"
  integrity sha512-gKXj5ALrKWQLsYG9jlTRmR/xKluxHV+Z9QEwNIgCfM1/uwPMCuzVVnh5mwTd+OuBZcwSIMbqssNWRm1lE51QaQ==
  dependencies:
    type-fest "^0.21.3"

ansi-regex@^5.0.1:
  version "5.0.1"
  resolved "https://registry.yarnpkg.com/ansi-regex/-/ansi-regex-5.0.1.tgz#082cb2c89c9fe8659a311a53bd6a4dc5301db304"
  integrity sha512-quJQXlTSUGL2LH9SUXo8VwsY4soanhgo6LNSm84E1LBcE8s3O0wpdiRzyR9z/ZZJMlMWv37qOOb9pdJlMUEKFQ==

ansi-styles@^4.0.0, ansi-styles@^4.1.0:
  version "4.3.0"
  resolved "https://registry.yarnpkg.com/ansi-styles/-/ansi-styles-4.3.0.tgz#edd803628ae71c04c85ae7a0906edad34b648937"
  integrity sha512-zbB9rCJAT1rbjiVDb2hqKFHNYLxgtk8NURxZ3IZwD3F6NtxbXZQCnnSi1Lkx+IDohdPlFp222wVALIheZJQSEg==
  dependencies:
    color-convert "^2.0.1"

chalk@^4.1.2:
  version "4.1.2"
  resolved "https://registry.yarnpkg.com/chalk/-/chalk-4.1.2.tgz#aac4e2b7734a740867aeb16bf02aad556a1e7a01"
  integrity sha512-oKnbhFyRIXpUuez8iBMmyEa4nbj4IOQyuhc/wy9kY7/WVPcwIO9VA668Pu8RkO7+0G76SLROeyw9CpQ061i4mA==
  dependencies:
    ansi-styles "^4.1.0"
    supports-color "^7.1.0"

chardet@^0.7.0:
  version "0.7.0"
  resolved "https://registry.yarnpkg.com/chardet/-/chardet-0.7.0.tgz#90094849f0937f2eedc2425d0d28a9e5f0cbad9e"
  integrity sha512-mT8iDcrh03qDGRRmoA2hmBJnxpllMR+0/0qlzjqZES6NdiWDcZkCNAk4rPFZ9Q85r27unkiNNg8ZOiwZXBHwcA==

cli-spinners@^2.9.2:
  version "2.9.2"
  resolved "https://registry.yarnpkg.com/cli-spinners/-/cli-spinners-2.9.2.tgz#1773a8f4b9c4d6ac31563df53b3fc1d79462fe41"
  integrity sha512-ywqV+5MmyL4E7ybXgKys4DugZbX0FC6LnwrhjuykIjnK9k8OQacQ7axGKnjDXWNhns0xot3bZI5h55H8yo9cJg==

cli-width@^4.1.0:
  version "4.1.0"
  resolved "https://registry.yarnpkg.com/cli-width/-/cli-width-4.1.0.tgz#42daac41d3c254ef38ad8ac037672130173691c5"
  integrity sha512-ouuZd4/dm2Sw5Gmqy6bGyNNNe1qt9RpmxveLSO7KcgsTnU7RXfsw+/bukWGo1abgBiMAic068rclZsO4IWmmxQ==

color-convert@^2.0.1:
  version "2.0.1"
  resolved "https://registry.yarnpkg.com/color-convert/-/color-convert-2.0.1.tgz#72d3a68d598c9bdb3af2ad1e84f21d896abd4de3"
  integrity sha512-RRECPsj7iu/xb5oKYcsFHSppFNnsj/52OVTRKb4zP5onXwVF3zVmmToNcOfGC+CRDpfK/U584fMg38ZHCaElKQ==
  dependencies:
    color-name "~1.1.4"

color-name@~1.1.4:
  version "1.1.4"
  resolved "https://registry.yarnpkg.com/color-name/-/color-name-1.1.4.tgz#c2a09a87acbde69543de6f63fa3995c826c536a2"
  integrity sha512-dOy+3AuW3a2wNbZHIuMZpTcgjGuLU/uBL/ubcZF9OXbDo8ff4O8yVp5Bf0efS8uEoYo5q4Fx7dY9OgQGXgAsQA==

commander@^12.0.0:
  version "12.0.0"
  resolved "https://registry.yarnpkg.com/commander/-/commander-12.0.0.tgz#b929db6df8546080adfd004ab215ed48cf6f2592"
  integrity sha512-MwVNWlYjDTtOjX5PiD7o5pK0UrFU/OYgcJfjjK4RaHZETNtjJqrZa9Y9ds88+A+f+d5lv+561eZ+yCKoS3gbAA==

emoji-regex@^8.0.0:
  version "8.0.0"
  resolved "https://registry.yarnpkg.com/emoji-regex/-/emoji-regex-8.0.0.tgz#e818fd69ce5ccfcb404594f842963bf53164cc37"
  integrity sha512-MSjYzcWNOA0ewAHpz0MxpYFvwg6yjy1NG3xteoqz644VCo/RPgnr1/GGt+ic3iJTzQ8Eu3TdM14SawnVUmGE6A==

escape-string-regexp@^1.0.5:
  version "1.0.5"
  resolved "https://registry.yarnpkg.com/escape-string-regexp/-/escape-string-regexp-1.0.5.tgz#1b61c0562190a8dff6ae3bb2cf0200ca130b86d4"
  integrity sha512-vbRorB5FUQWvla16U8R/qgaFIya2qGzwDrNmCZuYKrbdSUMG6I1ZCGQRefkRVhuOkIGVne7BQ35DSfo1qvJqFg==

external-editor@^3.1.0:
  version "3.1.0"
  resolved "https://registry.yarnpkg.com/external-editor/-/external-editor-3.1.0.tgz#cb03f740befae03ea4d283caed2741a83f335495"
  integrity sha512-hMQ4CX1p1izmuLYyZqLMO/qGNw10wSv9QDCPfzXfyFrOaCSSoRfqE1Kf1s5an66J5JZC62NewG+mK49jOCtQew==
  dependencies:
    chardet "^0.7.0"
    iconv-lite "^0.4.24"
    tmp "^0.0.33"

figures@^3.2.0:
  version "3.2.0"
  resolved "https://registry.yarnpkg.com/figures/-/figures-3.2.0.tgz#625c18bd293c604dc4a8ddb2febf0c88341746af"
  integrity sha512-yaduQFRKLXYOGgEn6AZau90j3ggSOyiqXU0F9JZfeXYhNa+Jk4X+s45A2zg5jns87GAFa34BBm2kXw4XpNcbdg==
  dependencies:
    escape-string-regexp "^1.0.5"

has-flag@^4.0.0:
  version "4.0.0"
  resolved "https://registry.yarnpkg.com/has-flag/-/has-flag-4.0.0.tgz#944771fd9c81c81265c4d6941860da06bb59479b"
  integrity sha512-EykJT/Q1KjTWctppgIAgfSO0tKVuZUjhgMr17kqTumMl6Afv3EISleU7qZUzoXDFTAHTDC4NOoG/ZxU3EvlMPQ==

iconv-lite@^0.4.24:
  version "0.4.24"
  resolved "https://registry.yarnpkg.com/iconv-lite/-/iconv-lite-0.4.24.tgz#2022b4b25fbddc21d2f524974a474aafe733908b"
  integrity sha512-v3MXnZAcvnywkTUEZomIActle7RXXeedOR31wwl7VlyoXO4Qi9arvSenNQWne1TcRwhCL1HwLI21bEqdpj8/rA==
  dependencies:
    safer-buffer ">= 2.1.2 < 3"

is-fullwidth-code-point@^3.0.0:
  version "3.0.0"
  resolved "https://registry.yarnpkg.com/is-fullwidth-code-point/-/is-fullwidth-code-point-3.0.0.tgz#f116f8064fe90b3f7844a38997c0b75051269f1d"
  integrity sha512-zymm5+u+sCsSWyD9qNaejV3DFvhCKclKdizYaJUuHA83RLjb7nSuGnddCHGv0hk+KY7BMAlsWeK4Ueg6EV6XQg==

isows@1.0.3:
  version "1.0.3"
  resolved "https://registry.yarnpkg.com/isows/-/isows-1.0.3.tgz#93c1cf0575daf56e7120bab5c8c448b0809d0d74"
  integrity sha512-2cKei4vlmg2cxEjm3wVSqn8pcoRF/LX/wpifuuNquFO4SQmPwarClT+SUCA2lt+l581tTeZIPIZuIDo2jWN1fg==

lru-cache@^6.0.0:
  version "6.0.0"
  resolved "https://registry.yarnpkg.com/lru-cache/-/lru-cache-6.0.0.tgz#6d6fe6570ebd96aaf90fcad1dafa3b2566db3a94"
  integrity sha512-Jo6dJ04CmSjuznwJSS3pUeWmd/H0ffTlkXXgwZi+eq1UCmqQwCh+eLsYOYCwY991i2Fah4h1BEMCx4qThGbsiA==
  dependencies:
    yallist "^4.0.0"

mute-stream@^1.0.0:
  version "1.0.0"
  resolved "https://registry.yarnpkg.com/mute-stream/-/mute-stream-1.0.0.tgz#e31bd9fe62f0aed23520aa4324ea6671531e013e"
  integrity sha512-avsJQhyd+680gKXyG/sQc0nXaC6rBkPOfyHYcFb9+hdkqQkR9bdnkJ0AMZhke0oesPqIO+mFFJ+IdBc7mst4IA==

os-tmpdir@~1.0.2:
  version "1.0.2"
  resolved "https://registry.yarnpkg.com/os-tmpdir/-/os-tmpdir-1.0.2.tgz#bbe67406c79aa85c5cfec766fe5734555dfa1274"
  integrity sha512-D2FR03Vir7FIu45XBY20mTb+/ZSWB00sjU9jdQXt83gDrI4Ztz5Fs7/yy74g2N5SVQY4xY1qDr4rNddwYRVX0g==

prettier-plugin-solidity@^1.3.1:
  version "1.3.1"
  resolved "https://registry.yarnpkg.com/prettier-plugin-solidity/-/prettier-plugin-solidity-1.3.1.tgz#59944d3155b249f7f234dee29f433524b9a4abcf"
  integrity sha512-MN4OP5I2gHAzHZG1wcuJl0FsLS3c4Cc5494bbg+6oQWBPuEamjwDvmGfFMZ6NFzsh3Efd9UUxeT7ImgjNH4ozA==
  dependencies:
    "@solidity-parser/parser" "^0.17.0"
    semver "^7.5.4"
    solidity-comments-extractor "^0.0.8"

prettier@^3.2.5:
  version "3.2.5"
  resolved "https://registry.yarnpkg.com/prettier/-/prettier-3.2.5.tgz#e52bc3090586e824964a8813b09aba6233b28368"
  integrity sha512-3/GWa9aOC0YeD7LUfvOG2NiDyhOWRvt1k+rcKhOuYnMY24iiCphgneUfJDyFXd6rZCAnuLBv6UeAULtrhT/F4A==

run-async@^3.0.0:
  version "3.0.0"
  resolved "https://registry.yarnpkg.com/run-async/-/run-async-3.0.0.tgz#42a432f6d76c689522058984384df28be379daad"
  integrity sha512-540WwVDOMxA6dN6We19EcT9sc3hkXPw5mzRNGM3FkdN/vtE9NFvj5lFAPNwUDmJjXidm3v7TC1cTE7t17Ulm1Q==

"safer-buffer@>= 2.1.2 < 3":
  version "2.1.2"
  resolved "https://registry.yarnpkg.com/safer-buffer/-/safer-buffer-2.1.2.tgz#44fa161b0187b9549dd84bb91802f9bd8385cd6a"
  integrity sha512-YZo3K82SD7Riyi0E1EQPojLz7kpepnSQI9IyPbHHg1XXXevb5dJI7tpyN2ADxGcQbHG7vcyRHk0cbwqcQriUtg==

semver@^7.5.4:
  version "7.6.0"
  resolved "https://registry.yarnpkg.com/semver/-/semver-7.6.0.tgz#1a46a4db4bffcccd97b743b5005c8325f23d4e2d"
  integrity sha512-EnwXhrlwXMk9gKu5/flx5sv/an57AkRplG3hTK68W7FRDN+k+OWBj65M7719OkA82XLBxrcX0KSHj+X5COhOVg==
  dependencies:
    lru-cache "^6.0.0"

signal-exit@^4.1.0:
  version "4.1.0"
  resolved "https://registry.yarnpkg.com/signal-exit/-/signal-exit-4.1.0.tgz#952188c1cbd546070e2dd20d0f41c0ae0530cb04"
  integrity sha512-bzyZ1e88w9O1iNJbKnOlvYTrWPDl46O1bG0D3XInv+9tkPrxrN8jUUTiFlDkkmKWgn1M6CfIA13SuGqOa9Korw==

solidity-comments-extractor@^0.0.8:
  version "0.0.8"
  resolved "https://registry.yarnpkg.com/solidity-comments-extractor/-/solidity-comments-extractor-0.0.8.tgz#f6e148ab0c49f30c1abcbecb8b8df01ed8e879f8"
  integrity sha512-htM7Vn6LhHreR+EglVMd2s+sZhcXAirB1Zlyrv5zBuTxieCvjfnRpd7iZk75m/u6NOlEyQ94C6TWbBn2cY7w8g==

string-width@^4.1.0:
  version "4.2.3"
  resolved "https://registry.yarnpkg.com/string-width/-/string-width-4.2.3.tgz#269c7117d27b05ad2e536830a8ec895ef9c6d010"
  integrity sha512-wKyQRQpjJ0sIp62ErSZdGsjMJWsap5oRNihHhu6G7JVO/9jIB6UyevL+tXuOqrng8j/cxKTWyWUwvSTriiZz/g==
  dependencies:
    emoji-regex "^8.0.0"
    is-fullwidth-code-point "^3.0.0"
    strip-ansi "^6.0.1"

strip-ansi@^6.0.0, strip-ansi@^6.0.1:
  version "6.0.1"
  resolved "https://registry.yarnpkg.com/strip-ansi/-/strip-ansi-6.0.1.tgz#9e26c63d30f53443e9489495b2105d37b67a85d9"
  integrity sha512-Y38VPSHcqkFrCpFnQ9vuSXmquuv5oXOKpGeT6aGrr3o3Gc9AlVa6JBfUSOCnbxGGZF+/0ooI7KrPuUSztUdU5A==
  dependencies:
    ansi-regex "^5.0.1"

supports-color@^7.1.0:
  version "7.2.0"
  resolved "https://registry.yarnpkg.com/supports-color/-/supports-color-7.2.0.tgz#1b7dcdcb32b8138801b3e478ba6a51caa89648da"
  integrity sha512-qpCAvRl9stuOHveKsn7HncJRvv501qIacKzQlO/+Lwxc9+0q2wLyv4Dfvt80/DPn2pqOBsJdDiogXGR9+OvwRw==
  dependencies:
    has-flag "^4.0.0"

tmp@^0.0.33:
  version "0.0.33"
  resolved "https://registry.yarnpkg.com/tmp/-/tmp-0.0.33.tgz#6d34335889768d21b2bcda0aa277ced3b1bfadf9"
  integrity sha512-jRCJlojKnZ3addtTOjdIqoRuPEKBvNXcGYqzO6zWZX8KfKEpnGY5jfggJQ3EjKuu8D4bJRr0y+cYJFmYbImXGw==
  dependencies:
    os-tmpdir "~1.0.2"

type-fest@^0.21.3:
  version "0.21.3"
  resolved "https://registry.yarnpkg.com/type-fest/-/type-fest-0.21.3.tgz#d260a24b0198436e133fa26a524a6d65fa3b2e37"
  integrity sha512-t0rzBq87m3fVcduHDUFhKmyyX+9eo6WQjZvf51Ea/M0Q7+T374Jp1aUiyUl0GKxp8M/OETVHSDvmkyPgvX+X2w==

typescript@^5.4.2:
  version "5.4.2"
  resolved "https://registry.yarnpkg.com/typescript/-/typescript-5.4.2.tgz#0ae9cebcfae970718474fe0da2c090cad6577372"
  integrity sha512-+2/g0Fds1ERlP6JsakQQDXjZdZMM+rqpamFZJEKh4kwTIn3iDkgKtby0CeNd5ATNZ4Ry1ax15TMx0W2V+miizQ==

undici-types@~5.26.4:
  version "5.26.5"
  resolved "https://registry.yarnpkg.com/undici-types/-/undici-types-5.26.5.tgz#bcd539893d00b56e964fd2657a4866b221a65617"
  integrity sha512-JlCMO+ehdEIKqlFxk6IfVoAUVmgz7cU7zD/h9XZ0qzeosSHmUJVOzSQvvYSYWXkFXC+IfLKSIffhv0sVZup6pA==

viem@^2.7.22:
  version "2.7.22"
  resolved "https://registry.yarnpkg.com/viem/-/viem-2.7.22.tgz#b6991b73f348d8e3a151f4acea08fddfdc449805"
  integrity sha512-R/d9AkWXkhiNF4Gk4/A389LSO5PGDdHUBFDKIUkhrdLTDpOhKzbNln6qDry3kYUcmH7lErx3C2eA6rajnc0s9A==
  dependencies:
    "@adraffy/ens-normalize" "1.10.0"
    "@noble/curves" "1.2.0"
    "@noble/hashes" "1.3.2"
    "@scure/bip32" "1.3.2"
    "@scure/bip39" "1.2.1"
    abitype "1.0.0"
    isows "1.0.3"
    ws "8.13.0"

wrap-ansi@^6.2.0:
  version "6.2.0"
  resolved "https://registry.yarnpkg.com/wrap-ansi/-/wrap-ansi-6.2.0.tgz#e9393ba07102e6c91a3b221478f0257cd2856e53"
  integrity sha512-r6lPcBGxZXlIcymEu7InxDMhdW0KDxpLgoFLcguasxCaJ/SOIZwINatK9KY/tf+ZrlywOKU0UDj3ATXUBfxJXA==
  dependencies:
    ansi-styles "^4.0.0"
    string-width "^4.1.0"
    strip-ansi "^6.0.0"

ws@8.13.0:
  version "8.13.0"
  resolved "https://registry.yarnpkg.com/ws/-/ws-8.13.0.tgz#9a9fb92f93cf41512a0735c8f4dd09b8a1211cd0"
  integrity sha512-x9vcZYTrFPC7aSIbj7sRCYo7L/Xb8Iy+pW0ng0wt2vCJv7M9HOMy0UoN3rr+IFC7hb7vXoqS+P9ktyLLLhO+LA==

yallist@^4.0.0:
  version "4.0.0"
  resolved "https://registry.yarnpkg.com/yallist/-/yallist-4.0.0.tgz#9bb92790d9c0effec63be73519e11a35019a3a72"
  integrity sha512-3wdGidZyq5PB084XLES5TpOSRA3wjXAlIWMhum2kRcv/41Sn2emQ0dycQW4uZXLejwKvg6EsvbdlVL+FYEct7A==
